
Microsoft Visual Studio Solution File, Format Version 12.00
# Visual Studio Version 16
VisualStudioVersion = 16.0.30114.105
MinimumVisualStudioVersion = 10.0.40219.1
Project("{FAE04EC0-301F-11D3-BF4B-00C04F79EFBC}") = "API", "API\API.csproj", "{C2957FF1-BCF7-45B9-ACD8-3296508F0CB3}"
EndProject
Project("{FAE04EC0-301F-11D3-BF4B-00C04F79EFBC}") = "Core", "Core\Core.csproj", "{40BA6F06-6397-4B9C-A352-A72FE177D5A8}"
EndProject
Project("{FAE04EC0-301F-11D3-BF4B-00C04F79EFBC}") = "Infrastructure", "Infrastructure\Infrastructure.csproj", "{EE0CF41D-5D1F-46A2-B5BD-BB9B9D1B8C0A}"
EndProject
Global
	GlobalSection(SolutionConfigurationPlatforms) = preSolution
		Debug|Any CPU = Debug|Any CPU
		Release|Any CPU = Release|Any CPU
	EndGlobalSection
	GlobalSection(SolutionProperties) = preSolution
		HideSolutionNode = FALSE
	EndGlobalSection
	GlobalSection(ProjectConfigurationPlatforms) = postSolution
		{C2957FF1-BCF7-45B9-ACD8-3296508F0CB3}.Debug|Any CPU.ActiveCfg = Debug|Any CPU
		{C2957FF1-BCF7-45B9-ACD8-3296508F0CB3}.Debug|Any CPU.Build.0 = Debug|Any CPU
		{C2957FF1-BCF7-45B9-ACD8-3296508F0CB3}.Release|Any CPU.ActiveCfg = Release|Any CPU
		{C2957FF1-BCF7-45B9-ACD8-3296508F0CB3}.Release|Any CPU.Build.0 = Release|Any CPU
		{40BA6F06-6397-4B9C-A352-A72FE177D5A8}.Debug|Any CPU.ActiveCfg = Debug|Any CPU
		{40BA6F06-6397-4B9C-A352-A72FE177D5A8}.Debug|Any CPU.Build.0 = Debug|Any CPU
		{40BA6F06-6397-4B9C-A352-A72FE177D5A8}.Release|Any CPU.ActiveCfg = Release|Any CPU
		{40BA6F06-6397-4B9C-A352-A72FE177D5A8}.Release|Any CPU.Build.0 = Release|Any CPU
		{EE0CF41D-5D1F-46A2-B5BD-BB9B9D1B8C0A}.Debug|Any CPU.ActiveCfg = Debug|Any CPU
		{EE0CF41D-5D1F-46A2-B5BD-BB9B9D1B8C0A}.Debug|Any CPU.Build.0 = Debug|Any CPU
		{EE0CF41D-5D1F-46A2-B5BD-BB9B9D1B8C0A}.Release|Any CPU.ActiveCfg = Release|Any CPU
		{EE0CF41D-5D1F-46A2-B5BD-BB9B9D1B8C0A}.Release|Any CPU.Build.0 = Release|Any CPU
	EndGlobalSection
EndGlobal
